
Microsoft Visual Studio Solution File, Format Version 12.00
# Visual Studio Version 17
VisualStudioVersion = 17.3.32819.101
MinimumVisualStudioVersion = 10.0.40219.1
Project("{FAE04EC0-301F-11D3-BF4B-00C04F79EFBC}") = "CSharpToolkit", "CSharpToolkit\CSharpToolkit.csproj", "{5A7135CE-7A8D-41EC-BDED-941B54CF94DE}"
EndProject
Global
	GlobalSection(SolutionConfigurationPlatforms) = preSolution
		Debug|Any CPU = Debug|Any CPU
		Release|Any CPU = Release|Any CPU
	EndGlobalSection
	GlobalSection(ProjectConfigurationPlatforms) = postSolution
		{5A7135CE-7A8D-41EC-BDED-941B54CF94DE}.Debug|Any CPU.ActiveCfg = Debug|Any CPU
		{5A7135CE-7A8D-41EC-BDED-941B54CF94DE}.Debug|Any CPU.Build.0 = Debug|Any CPU
		{5A7135CE-7A8D-41EC-BDED-941B54CF94DE}.Release|Any CPU.ActiveCfg = Release|Any CPU
		{5A7135CE-7A8D-41EC-BDED-941B54CF94DE}.Release|Any CPU.Build.0 = Release|Any CPU
	EndGlobalSection
	GlobalSection(SolutionProperties) = preSolution
		HideSolutionNode = FALSE
	EndGlobalSection
	GlobalSection(ExtensibilityGlobals) = postSolution
		SolutionGuid = {0340987D-2AE5-4F60-995D-A14AEF3F0612}
	EndGlobalSection
EndGlobal
